
Microsoft Visual Studio Solution File, Format Version 12.00
# Visual Studio 14
VisualStudioVersion = 14.0.25420.1
MinimumVisualStudioVersion = 10.0.40219.1
Project("{FAE04EC0-301F-11D3-BF4B-00C04F79EFBC}") = "AzureKit", "AzureKit\AzureKit.csproj", "{627F2608-7B5A-41AD-83B5-5BBF0DE6E4BB}"
EndProject
Project("{FAE04EC0-301F-11D3-BF4B-00C04F79EFBC}") = "AzureKit.Tests", "AzureKit.Tests\AzureKit.Tests.csproj", "{0B95D345-B2EE-405B-A9AE-ECB1AD183773}"
EndProject
Project("{151D2E53-A2C4-4D7D-83FE-D05416EBD58E}") = "AzureKit.Deployment", "AzureKit.Deployment\AzureKit.Deployment.deployproj", "{CB087C17-BDE1-463D-BCEB-71413B328BF4}"
EndProject
Project("{FAE04EC0-301F-11D3-BF4B-00C04F79EFBC}") = "AzureKit.PowerShell", "AzureKit.PowerShell\AzureKit.PowerShell.csproj", "{15EA82CE-7170-4090-B8E6-57204548FA4D}"
EndProject
Project("{FAE04EC0-301F-11D3-BF4B-00C04F79EFBC}") = "AZKitMobile.Droid", "AZKitMobile\AZKitMobile.Droid\AZKitMobile.Droid.csproj", "{2523F06F-9F3B-4D72-88D3-884E09886121}"
EndProject
Project("{FAE04EC0-301F-11D3-BF4B-00C04F79EFBC}") = "AZKitMobile.iOS", "AZKitMobile\AZKitMobile.iOS\AZKitMobile.iOS.csproj", "{53634B2A-09A2-4AAA-9D74-E227DF5FF693}"
EndProject
Project("{FAE04EC0-301F-11D3-BF4B-00C04F79EFBC}") = "AZKitMobile", "AZKitMobile\AZKitMobile\AZKitMobile.csproj", "{B703A86F-BCB9-41AC-ACD7-2B76BF9AA9F0}"
EndProject
Project("{FAE04EC0-301F-11D3-BF4B-00C04F79EFBC}") = "AZKitMobile.UWP", "AZKitMobile\AZKitMobile.UWP\AZKitMobile.UWP.csproj", "{5D581C56-7DCC-4100-95C9-7D5913FE15D6}"
EndProject
Project("{FAE04EC0-301F-11D3-BF4B-00C04F79EFBC}") = "AzureKit.Management", "AzureKit.Management\AzureKit.Management.csproj", "{9FCF25E9-3F23-4AF6-802F-86623BA41CBF}"
EndProject
Project("{FAE04EC0-301F-11D3-BF4B-00C04F79EFBC}") = "AzureKit.ServerCore", "AzureKit.ServerCore\AzureKit.ServerCore.csproj", "{D4BF0A4C-DB9F-4E64-94A6-1239E3667A2C}"
EndProject
Project("{FAE04EC0-301F-11D3-BF4B-00C04F79EFBC}") = "AzureKit.Api", "AzureKit.Api\AzureKit.Api.csproj", "{B43D7515-C12E-4EBF-AF19-FED195E8C8BA}"
EndProject
Global
	GlobalSection(SolutionConfigurationPlatforms) = preSolution
		Ad-Hoc|Any CPU = Ad-Hoc|Any CPU
		Ad-Hoc|ARM = Ad-Hoc|ARM
		Ad-Hoc|iPhone = Ad-Hoc|iPhone
		Ad-Hoc|iPhoneSimulator = Ad-Hoc|iPhoneSimulator
		Ad-Hoc|x64 = Ad-Hoc|x64
		Ad-Hoc|x86 = Ad-Hoc|x86
		AppStore|Any CPU = AppStore|Any CPU
		AppStore|ARM = AppStore|ARM
		AppStore|iPhone = AppStore|iPhone
		AppStore|iPhoneSimulator = AppStore|iPhoneSimulator
		AppStore|x64 = AppStore|x64
		AppStore|x86 = AppStore|x86
		Debug|Any CPU = Debug|Any CPU
		Debug|ARM = Debug|ARM
		Debug|iPhone = Debug|iPhone
		Debug|iPhoneSimulator = Debug|iPhoneSimulator
		Debug|x64 = Debug|x64
		Debug|x86 = Debug|x86
		Release|Any CPU = Release|Any CPU
		Release|ARM = Release|ARM
		Release|iPhone = Release|iPhone
		Release|iPhoneSimulator = Release|iPhoneSimulator
		Release|x64 = Release|x64
		Release|x86 = Release|x86
	EndGlobalSection
	GlobalSection(ProjectConfigurationPlatforms) = postSolution
		{627F2608-7B5A-41AD-83B5-5BBF0DE6E4BB}.Ad-Hoc|Any CPU.ActiveCfg = Release|Any CPU
		{627F2608-7B5A-41AD-83B5-5BBF0DE6E4BB}.Ad-Hoc|Any CPU.Build.0 = Release|Any CPU
		{627F2608-7B5A-41AD-83B5-5BBF0DE6E4BB}.Ad-Hoc|ARM.ActiveCfg = Release|Any CPU
		{627F2608-7B5A-41AD-83B5-5BBF0DE6E4BB}.Ad-Hoc|ARM.Build.0 = Release|Any CPU
		{627F2608-7B5A-41AD-83B5-5BBF0DE6E4BB}.Ad-Hoc|iPhone.ActiveCfg = Release|Any CPU
		{627F2608-7B5A-41AD-83B5-5BBF0DE6E4BB}.Ad-Hoc|iPhone.Build.0 = Release|Any CPU
		{627F2608-7B5A-41AD-83B5-5BBF0DE6E4BB}.Ad-Hoc|iPhoneSimulator.ActiveCfg = Release|Any CPU
		{627F2608-7B5A-41AD-83B5-5BBF0DE6E4BB}.Ad-Hoc|iPhoneSimulator.Build.0 = Release|Any CPU
		{627F2608-7B5A-41AD-83B5-5BBF0DE6E4BB}.Ad-Hoc|x64.ActiveCfg = Release|Any CPU
		{627F2608-7B5A-41AD-83B5-5BBF0DE6E4BB}.Ad-Hoc|x64.Build.0 = Release|Any CPU
		{627F2608-7B5A-41AD-83B5-5BBF0DE6E4BB}.Ad-Hoc|x86.ActiveCfg = Release|Any CPU
		{627F2608-7B5A-41AD-83B5-5BBF0DE6E4BB}.Ad-Hoc|x86.Build.0 = Release|Any CPU
		{627F2608-7B5A-41AD-83B5-5BBF0DE6E4BB}.AppStore|Any CPU.ActiveCfg = Release|Any CPU
		{627F2608-7B5A-41AD-83B5-5BBF0DE6E4BB}.AppStore|Any CPU.Build.0 = Release|Any CPU
		{627F2608-7B5A-41AD-83B5-5BBF0DE6E4BB}.AppStore|ARM.ActiveCfg = Release|Any CPU
		{627F2608-7B5A-41AD-83B5-5BBF0DE6E4BB}.AppStore|ARM.Build.0 = Release|Any CPU
		{627F2608-7B5A-41AD-83B5-5BBF0DE6E4BB}.AppStore|iPhone.ActiveCfg = Release|Any CPU
		{627F2608-7B5A-41AD-83B5-5BBF0DE6E4BB}.AppStore|iPhone.Build.0 = Release|Any CPU
		{627F2608-7B5A-41AD-83B5-5BBF0DE6E4BB}.AppStore|iPhoneSimulator.ActiveCfg = Release|Any CPU
		{627F2608-7B5A-41AD-83B5-5BBF0DE6E4BB}.AppStore|iPhoneSimulator.Build.0 = Release|Any CPU
		{627F2608-7B5A-41AD-83B5-5BBF0DE6E4BB}.AppStore|x64.ActiveCfg = Release|Any CPU
		{627F2608-7B5A-41AD-83B5-5BBF0DE6E4BB}.AppStore|x64.Build.0 = Release|Any CPU
		{627F2608-7B5A-41AD-83B5-5BBF0DE6E4BB}.AppStore|x86.ActiveCfg = Release|Any CPU
		{627F2608-7B5A-41AD-83B5-5BBF0DE6E4BB}.AppStore|x86.Build.0 = Release|Any CPU
		{627F2608-7B5A-41AD-83B5-5BBF0DE6E4BB}.Debug|Any CPU.ActiveCfg = Debug|Any CPU
		{627F2608-7B5A-41AD-83B5-5BBF0DE6E4BB}.Debug|Any CPU.Build.0 = Debug|Any CPU
		{627F2608-7B5A-41AD-83B5-5BBF0DE6E4BB}.Debug|ARM.ActiveCfg = Debug|Any CPU
		{627F2608-7B5A-41AD-83B5-5BBF0DE6E4BB}.Debug|ARM.Build.0 = Debug|Any CPU
		{627F2608-7B5A-41AD-83B5-5BBF0DE6E4BB}.Debug|iPhone.ActiveCfg = Debug|Any CPU
		{627F2608-7B5A-41AD-83B5-5BBF0DE6E4BB}.Debug|iPhone.Build.0 = Debug|Any CPU
		{627F2608-7B5A-41AD-83B5-5BBF0DE6E4BB}.Debug|iPhoneSimulator.ActiveCfg = Debug|Any CPU
		{627F2608-7B5A-41AD-83B5-5BBF0DE6E4BB}.Debug|iPhoneSimulator.Build.0 = Debug|Any CPU
		{627F2608-7B5A-41AD-83B5-5BBF0DE6E4BB}.Debug|x64.ActiveCfg = Debug|Any CPU
		{627F2608-7B5A-41AD-83B5-5BBF0DE6E4BB}.Debug|x64.Build.0 = Debug|Any CPU
		{627F2608-7B5A-41AD-83B5-5BBF0DE6E4BB}.Debug|x86.ActiveCfg = Debug|Any CPU
		{627F2608-7B5A-41AD-83B5-5BBF0DE6E4BB}.Debug|x86.Build.0 = Debug|Any CPU
		{627F2608-7B5A-41AD-83B5-5BBF0DE6E4BB}.Release|Any CPU.ActiveCfg = Release|Any CPU
		{627F2608-7B5A-41AD-83B5-5BBF0DE6E4BB}.Release|Any CPU.Build.0 = Release|Any CPU
		{627F2608-7B5A-41AD-83B5-5BBF0DE6E4BB}.Release|ARM.ActiveCfg = Release|Any CPU
		{627F2608-7B5A-41AD-83B5-5BBF0DE6E4BB}.Release|ARM.Build.0 = Release|Any CPU
		{627F2608-7B5A-41AD-83B5-5BBF0DE6E4BB}.Release|iPhone.ActiveCfg = Release|Any CPU
		{627F2608-7B5A-41AD-83B5-5BBF0DE6E4BB}.Release|iPhone.Build.0 = Release|Any CPU
		{627F2608-7B5A-41AD-83B5-5BBF0DE6E4BB}.Release|iPhoneSimulator.ActiveCfg = Release|Any CPU
		{627F2608-7B5A-41AD-83B5-5BBF0DE6E4BB}.Release|iPhoneSimulator.Build.0 = Release|Any CPU
		{627F2608-7B5A-41AD-83B5-5BBF0DE6E4BB}.Release|x64.ActiveCfg = Release|Any CPU
		{627F2608-7B5A-41AD-83B5-5BBF0DE6E4BB}.Release|x64.Build.0 = Release|Any CPU
		{627F2608-7B5A-41AD-83B5-5BBF0DE6E4BB}.Release|x86.ActiveCfg = Release|Any CPU
		{627F2608-7B5A-41AD-83B5-5BBF0DE6E4BB}.Release|x86.Build.0 = Release|Any CPU
		{0B95D345-B2EE-405B-A9AE-ECB1AD183773}.Ad-Hoc|Any CPU.ActiveCfg = Release|Any CPU
		{0B95D345-B2EE-405B-A9AE-ECB1AD183773}.Ad-Hoc|Any CPU.Build.0 = Release|Any CPU
		{0B95D345-B2EE-405B-A9AE-ECB1AD183773}.Ad-Hoc|ARM.ActiveCfg = Release|Any CPU
		{0B95D345-B2EE-405B-A9AE-ECB1AD183773}.Ad-Hoc|ARM.Build.0 = Release|Any CPU
		{0B95D345-B2EE-405B-A9AE-ECB1AD183773}.Ad-Hoc|iPhone.ActiveCfg = Release|Any CPU
		{0B95D345-B2EE-405B-A9AE-ECB1AD183773}.Ad-Hoc|iPhone.Build.0 = Release|Any CPU
		{0B95D345-B2EE-405B-A9AE-ECB1AD183773}.Ad-Hoc|iPhoneSimulator.ActiveCfg = Release|Any CPU
		{0B95D345-B2EE-405B-A9AE-ECB1AD183773}.Ad-Hoc|iPhoneSimulator.Build.0 = Release|Any CPU
		{0B95D345-B2EE-405B-A9AE-ECB1AD183773}.Ad-Hoc|x64.ActiveCfg = Release|Any CPU
		{0B95D345-B2EE-405B-A9AE-ECB1AD183773}.Ad-Hoc|x64.Build.0 = Release|Any CPU
		{0B95D345-B2EE-405B-A9AE-ECB1AD183773}.Ad-Hoc|x86.ActiveCfg = Release|Any CPU
		{0B95D345-B2EE-405B-A9AE-ECB1AD183773}.Ad-Hoc|x86.Build.0 = Release|Any CPU
		{0B95D345-B2EE-405B-A9AE-ECB1AD183773}.AppStore|Any CPU.ActiveCfg = Release|Any CPU
		{0B95D345-B2EE-405B-A9AE-ECB1AD183773}.AppStore|Any CPU.Build.0 = Release|Any CPU
		{0B95D345-B2EE-405B-A9AE-ECB1AD183773}.AppStore|ARM.ActiveCfg = Release|Any CPU
		{0B95D345-B2EE-405B-A9AE-ECB1AD183773}.AppStore|ARM.Build.0 = Release|Any CPU
		{0B95D345-B2EE-405B-A9AE-ECB1AD183773}.AppStore|iPhone.ActiveCfg = Release|Any CPU
		{0B95D345-B2EE-405B-A9AE-ECB1AD183773}.AppStore|iPhone.Build.0 = Release|Any CPU
		{0B95D345-B2EE-405B-A9AE-ECB1AD183773}.AppStore|iPhoneSimulator.ActiveCfg = Release|Any CPU
		{0B95D345-B2EE-405B-A9AE-ECB1AD183773}.AppStore|iPhoneSimulator.Build.0 = Release|Any CPU
		{0B95D345-B2EE-405B-A9AE-ECB1AD183773}.AppStore|x64.ActiveCfg = Release|Any CPU
		{0B95D345-B2EE-405B-A9AE-ECB1AD183773}.AppStore|x64.Build.0 = Release|Any CPU
		{0B95D345-B2EE-405B-A9AE-ECB1AD183773}.AppStore|x86.ActiveCfg = Release|Any CPU
		{0B95D345-B2EE-405B-A9AE-ECB1AD183773}.AppStore|x86.Build.0 = Release|Any CPU
		{0B95D345-B2EE-405B-A9AE-ECB1AD183773}.Debug|Any CPU.ActiveCfg = Debug|Any CPU
		{0B95D345-B2EE-405B-A9AE-ECB1AD183773}.Debug|Any CPU.Build.0 = Debug|Any CPU
		{0B95D345-B2EE-405B-A9AE-ECB1AD183773}.Debug|ARM.ActiveCfg = Debug|Any CPU
		{0B95D345-B2EE-405B-A9AE-ECB1AD183773}.Debug|ARM.Build.0 = Debug|Any CPU
		{0B95D345-B2EE-405B-A9AE-ECB1AD183773}.Debug|iPhone.ActiveCfg = Debug|Any CPU
		{0B95D345-B2EE-405B-A9AE-ECB1AD183773}.Debug|iPhone.Build.0 = Debug|Any CPU
		{0B95D345-B2EE-405B-A9AE-ECB1AD183773}.Debug|iPhoneSimulator.ActiveCfg = Debug|Any CPU
		{0B95D345-B2EE-405B-A9AE-ECB1AD183773}.Debug|iPhoneSimulator.Build.0 = Debug|Any CPU
		{0B95D345-B2EE-405B-A9AE-ECB1AD183773}.Debug|x64.ActiveCfg = Debug|Any CPU
		{0B95D345-B2EE-405B-A9AE-ECB1AD183773}.Debug|x64.Build.0 = Debug|Any CPU
		{0B95D345-B2EE-405B-A9AE-ECB1AD183773}.Debug|x86.ActiveCfg = Debug|Any CPU
		{0B95D345-B2EE-405B-A9AE-ECB1AD183773}.Debug|x86.Build.0 = Debug|Any CPU
		{0B95D345-B2EE-405B-A9AE-ECB1AD183773}.Release|Any CPU.ActiveCfg = Release|Any CPU
		{0B95D345-B2EE-405B-A9AE-ECB1AD183773}.Release|Any CPU.Build.0 = Release|Any CPU
		{0B95D345-B2EE-405B-A9AE-ECB1AD183773}.Release|ARM.ActiveCfg = Release|Any CPU
		{0B95D345-B2EE-405B-A9AE-ECB1AD183773}.Release|ARM.Build.0 = Release|Any CPU
		{0B95D345-B2EE-405B-A9AE-ECB1AD183773}.Release|iPhone.ActiveCfg = Release|Any CPU
		{0B95D345-B2EE-405B-A9AE-ECB1AD183773}.Release|iPhone.Build.0 = Release|Any CPU
		{0B95D345-B2EE-405B-A9AE-ECB1AD183773}.Release|iPhoneSimulator.ActiveCfg = Release|Any CPU
		{0B95D345-B2EE-405B-A9AE-ECB1AD183773}.Release|iPhoneSimulator.Build.0 = Release|Any CPU
		{0B95D345-B2EE-405B-A9AE-ECB1AD183773}.Release|x64.ActiveCfg = Release|Any CPU
		{0B95D345-B2EE-405B-A9AE-ECB1AD183773}.Release|x64.Build.0 = Release|Any CPU
		{0B95D345-B2EE-405B-A9AE-ECB1AD183773}.Release|x86.ActiveCfg = Release|Any CPU
		{0B95D345-B2EE-405B-A9AE-ECB1AD183773}.Release|x86.Build.0 = Release|Any CPU
		{CB087C17-BDE1-463D-BCEB-71413B328BF4}.Ad-Hoc|Any CPU.ActiveCfg = Release|Any CPU
		{CB087C17-BDE1-463D-BCEB-71413B328BF4}.Ad-Hoc|Any CPU.Build.0 = Release|Any CPU
		{CB087C17-BDE1-463D-BCEB-71413B328BF4}.Ad-Hoc|ARM.ActiveCfg = Release|Any CPU
		{CB087C17-BDE1-463D-BCEB-71413B328BF4}.Ad-Hoc|ARM.Build.0 = Release|Any CPU
		{CB087C17-BDE1-463D-BCEB-71413B328BF4}.Ad-Hoc|iPhone.ActiveCfg = Release|Any CPU
		{CB087C17-BDE1-463D-BCEB-71413B328BF4}.Ad-Hoc|iPhone.Build.0 = Release|Any CPU
		{CB087C17-BDE1-463D-BCEB-71413B328BF4}.Ad-Hoc|iPhoneSimulator.ActiveCfg = Release|Any CPU
		{CB087C17-BDE1-463D-BCEB-71413B328BF4}.Ad-Hoc|iPhoneSimulator.Build.0 = Release|Any CPU
		{CB087C17-BDE1-463D-BCEB-71413B328BF4}.Ad-Hoc|x64.ActiveCfg = Release|Any CPU
		{CB087C17-BDE1-463D-BCEB-71413B328BF4}.Ad-Hoc|x64.Build.0 = Release|Any CPU
		{CB087C17-BDE1-463D-BCEB-71413B328BF4}.Ad-Hoc|x86.ActiveCfg = Release|Any CPU
		{CB087C17-BDE1-463D-BCEB-71413B328BF4}.Ad-Hoc|x86.Build.0 = Release|Any CPU
		{CB087C17-BDE1-463D-BCEB-71413B328BF4}.AppStore|Any CPU.ActiveCfg = Release|Any CPU
		{CB087C17-BDE1-463D-BCEB-71413B328BF4}.AppStore|Any CPU.Build.0 = Release|Any CPU
		{CB087C17-BDE1-463D-BCEB-71413B328BF4}.AppStore|ARM.ActiveCfg = Release|Any CPU
		{CB087C17-BDE1-463D-BCEB-71413B328BF4}.AppStore|ARM.Build.0 = Release|Any CPU
		{CB087C17-BDE1-463D-BCEB-71413B328BF4}.AppStore|iPhone.ActiveCfg = Release|Any CPU
		{CB087C17-BDE1-463D-BCEB-71413B328BF4}.AppStore|iPhone.Build.0 = Release|Any CPU
		{CB087C17-BDE1-463D-BCEB-71413B328BF4}.AppStore|iPhoneSimulator.ActiveCfg = Release|Any CPU
		{CB087C17-BDE1-463D-BCEB-71413B328BF4}.AppStore|iPhoneSimulator.Build.0 = Release|Any CPU
		{CB087C17-BDE1-463D-BCEB-71413B328BF4}.AppStore|x64.ActiveCfg = Release|Any CPU
		{CB087C17-BDE1-463D-BCEB-71413B328BF4}.AppStore|x64.Build.0 = Release|Any CPU
		{CB087C17-BDE1-463D-BCEB-71413B328BF4}.AppStore|x86.ActiveCfg = Release|Any CPU
		{CB087C17-BDE1-463D-BCEB-71413B328BF4}.AppStore|x86.Build.0 = Release|Any CPU
		{CB087C17-BDE1-463D-BCEB-71413B328BF4}.Debug|Any CPU.ActiveCfg = Debug|Any CPU
		{CB087C17-BDE1-463D-BCEB-71413B328BF4}.Debug|Any CPU.Build.0 = Debug|Any CPU
		{CB087C17-BDE1-463D-BCEB-71413B328BF4}.Debug|ARM.ActiveCfg = Debug|Any CPU
		{CB087C17-BDE1-463D-BCEB-71413B328BF4}.Debug|ARM.Build.0 = Debug|Any CPU
		{CB087C17-BDE1-463D-BCEB-71413B328BF4}.Debug|iPhone.ActiveCfg = Debug|Any CPU
		{CB087C17-BDE1-463D-BCEB-71413B328BF4}.Debug|iPhone.Build.0 = Debug|Any CPU
		{CB087C17-BDE1-463D-BCEB-71413B328BF4}.Debug|iPhoneSimulator.ActiveCfg = Debug|Any CPU
		{CB087C17-BDE1-463D-BCEB-71413B328BF4}.Debug|iPhoneSimulator.Build.0 = Debug|Any CPU
		{CB087C17-BDE1-463D-BCEB-71413B328BF4}.Debug|x64.ActiveCfg = Debug|Any CPU
		{CB087C17-BDE1-463D-BCEB-71413B328BF4}.Debug|x64.Build.0 = Debug|Any CPU
		{CB087C17-BDE1-463D-BCEB-71413B328BF4}.Debug|x86.ActiveCfg = Debug|Any CPU
		{CB087C17-BDE1-463D-BCEB-71413B328BF4}.Debug|x86.Build.0 = Debug|Any CPU
		{CB087C17-BDE1-463D-BCEB-71413B328BF4}.Release|Any CPU.ActiveCfg = Release|Any CPU
		{CB087C17-BDE1-463D-BCEB-71413B328BF4}.Release|Any CPU.Build.0 = Release|Any CPU
		{CB087C17-BDE1-463D-BCEB-71413B328BF4}.Release|ARM.ActiveCfg = Release|Any CPU
		{CB087C17-BDE1-463D-BCEB-71413B328BF4}.Release|ARM.Build.0 = Release|Any CPU
		{CB087C17-BDE1-463D-BCEB-71413B328BF4}.Release|iPhone.ActiveCfg = Release|Any CPU
		{CB087C17-BDE1-463D-BCEB-71413B328BF4}.Release|iPhone.Build.0 = Release|Any CPU
		{CB087C17-BDE1-463D-BCEB-71413B328BF4}.Release|iPhoneSimulator.ActiveCfg = Release|Any CPU
		{CB087C17-BDE1-463D-BCEB-71413B328BF4}.Release|iPhoneSimulator.Build.0 = Release|Any CPU
		{CB087C17-BDE1-463D-BCEB-71413B328BF4}.Release|x64.ActiveCfg = Release|Any CPU
		{CB087C17-BDE1-463D-BCEB-71413B328BF4}.Release|x64.Build.0 = Release|Any CPU
		{CB087C17-BDE1-463D-BCEB-71413B328BF4}.Release|x86.ActiveCfg = Release|Any CPU
		{CB087C17-BDE1-463D-BCEB-71413B328BF4}.Release|x86.Build.0 = Release|Any CPU
		{15EA82CE-7170-4090-B8E6-57204548FA4D}.Ad-Hoc|Any CPU.ActiveCfg = Release|Any CPU
		{15EA82CE-7170-4090-B8E6-57204548FA4D}.Ad-Hoc|Any CPU.Build.0 = Release|Any CPU
		{15EA82CE-7170-4090-B8E6-57204548FA4D}.Ad-Hoc|ARM.ActiveCfg = Release|Any CPU
		{15EA82CE-7170-4090-B8E6-57204548FA4D}.Ad-Hoc|ARM.Build.0 = Release|Any CPU
		{15EA82CE-7170-4090-B8E6-57204548FA4D}.Ad-Hoc|iPhone.ActiveCfg = Release|Any CPU
		{15EA82CE-7170-4090-B8E6-57204548FA4D}.Ad-Hoc|iPhone.Build.0 = Release|Any CPU
		{15EA82CE-7170-4090-B8E6-57204548FA4D}.Ad-Hoc|iPhoneSimulator.ActiveCfg = Release|Any CPU
		{15EA82CE-7170-4090-B8E6-57204548FA4D}.Ad-Hoc|iPhoneSimulator.Build.0 = Release|Any CPU
		{15EA82CE-7170-4090-B8E6-57204548FA4D}.Ad-Hoc|x64.ActiveCfg = Release|Any CPU
		{15EA82CE-7170-4090-B8E6-57204548FA4D}.Ad-Hoc|x64.Build.0 = Release|Any CPU
		{15EA82CE-7170-4090-B8E6-57204548FA4D}.Ad-Hoc|x86.ActiveCfg = Release|Any CPU
		{15EA82CE-7170-4090-B8E6-57204548FA4D}.Ad-Hoc|x86.Build.0 = Release|Any CPU
		{15EA82CE-7170-4090-B8E6-57204548FA4D}.AppStore|Any CPU.ActiveCfg = Release|Any CPU
		{15EA82CE-7170-4090-B8E6-57204548FA4D}.AppStore|Any CPU.Build.0 = Release|Any CPU
		{15EA82CE-7170-4090-B8E6-57204548FA4D}.AppStore|ARM.ActiveCfg = Release|Any CPU
		{15EA82CE-7170-4090-B8E6-57204548FA4D}.AppStore|ARM.Build.0 = Release|Any CPU
		{15EA82CE-7170-4090-B8E6-57204548FA4D}.AppStore|iPhone.ActiveCfg = Release|Any CPU
		{15EA82CE-7170-4090-B8E6-57204548FA4D}.AppStore|iPhone.Build.0 = Release|Any CPU
		{15EA82CE-7170-4090-B8E6-57204548FA4D}.AppStore|iPhoneSimulator.ActiveCfg = Release|Any CPU
		{15EA82CE-7170-4090-B8E6-57204548FA4D}.AppStore|iPhoneSimulator.Build.0 = Release|Any CPU
		{15EA82CE-7170-4090-B8E6-57204548FA4D}.AppStore|x64.ActiveCfg = Release|Any CPU
		{15EA82CE-7170-4090-B8E6-57204548FA4D}.AppStore|x64.Build.0 = Release|Any CPU
		{15EA82CE-7170-4090-B8E6-57204548FA4D}.AppStore|x86.ActiveCfg = Release|Any CPU
		{15EA82CE-7170-4090-B8E6-57204548FA4D}.AppStore|x86.Build.0 = Release|Any CPU
		{15EA82CE-7170-4090-B8E6-57204548FA4D}.Debug|Any CPU.ActiveCfg = Debug|Any CPU
		{15EA82CE-7170-4090-B8E6-57204548FA4D}.Debug|Any CPU.Build.0 = Debug|Any CPU
		{15EA82CE-7170-4090-B8E6-57204548FA4D}.Debug|ARM.ActiveCfg = Debug|Any CPU
		{15EA82CE-7170-4090-B8E6-57204548FA4D}.Debug|ARM.Build.0 = Debug|Any CPU
		{15EA82CE-7170-4090-B8E6-57204548FA4D}.Debug|iPhone.ActiveCfg = Debug|Any CPU
		{15EA82CE-7170-4090-B8E6-57204548FA4D}.Debug|iPhone.Build.0 = Debug|Any CPU
		{15EA82CE-7170-4090-B8E6-57204548FA4D}.Debug|iPhoneSimulator.ActiveCfg = Debug|Any CPU
		{15EA82CE-7170-4090-B8E6-57204548FA4D}.Debug|iPhoneSimulator.Build.0 = Debug|Any CPU
		{15EA82CE-7170-4090-B8E6-57204548FA4D}.Debug|x64.ActiveCfg = Debug|Any CPU
		{15EA82CE-7170-4090-B8E6-57204548FA4D}.Debug|x64.Build.0 = Debug|Any CPU
		{15EA82CE-7170-4090-B8E6-57204548FA4D}.Debug|x86.ActiveCfg = Debug|Any CPU
		{15EA82CE-7170-4090-B8E6-57204548FA4D}.Debug|x86.Build.0 = Debug|Any CPU
		{15EA82CE-7170-4090-B8E6-57204548FA4D}.Release|Any CPU.ActiveCfg = Release|Any CPU
		{15EA82CE-7170-4090-B8E6-57204548FA4D}.Release|Any CPU.Build.0 = Release|Any CPU
		{15EA82CE-7170-4090-B8E6-57204548FA4D}.Release|ARM.ActiveCfg = Release|Any CPU
		{15EA82CE-7170-4090-B8E6-57204548FA4D}.Release|ARM.Build.0 = Release|Any CPU
		{15EA82CE-7170-4090-B8E6-57204548FA4D}.Release|iPhone.ActiveCfg = Release|Any CPU
		{15EA82CE-7170-4090-B8E6-57204548FA4D}.Release|iPhone.Build.0 = Release|Any CPU
		{15EA82CE-7170-4090-B8E6-57204548FA4D}.Release|iPhoneSimulator.ActiveCfg = Release|Any CPU
		{15EA82CE-7170-4090-B8E6-57204548FA4D}.Release|iPhoneSimulator.Build.0 = Release|Any CPU
		{15EA82CE-7170-4090-B8E6-57204548FA4D}.Release|x64.ActiveCfg = Release|Any CPU
		{15EA82CE-7170-4090-B8E6-57204548FA4D}.Release|x64.Build.0 = Release|Any CPU
		{15EA82CE-7170-4090-B8E6-57204548FA4D}.Release|x86.ActiveCfg = Release|Any CPU
		{15EA82CE-7170-4090-B8E6-57204548FA4D}.Release|x86.Build.0 = Release|Any CPU
		{2523F06F-9F3B-4D72-88D3-884E09886121}.Ad-Hoc|Any CPU.ActiveCfg = Release|Any CPU
		{2523F06F-9F3B-4D72-88D3-884E09886121}.Ad-Hoc|Any CPU.Build.0 = Release|Any CPU
		{2523F06F-9F3B-4D72-88D3-884E09886121}.Ad-Hoc|Any CPU.Deploy.0 = Release|Any CPU
		{2523F06F-9F3B-4D72-88D3-884E09886121}.Ad-Hoc|ARM.ActiveCfg = Release|Any CPU
		{2523F06F-9F3B-4D72-88D3-884E09886121}.Ad-Hoc|ARM.Build.0 = Release|Any CPU
		{2523F06F-9F3B-4D72-88D3-884E09886121}.Ad-Hoc|ARM.Deploy.0 = Release|Any CPU
		{2523F06F-9F3B-4D72-88D3-884E09886121}.Ad-Hoc|iPhone.ActiveCfg = Release|Any CPU
		{2523F06F-9F3B-4D72-88D3-884E09886121}.Ad-Hoc|iPhone.Build.0 = Release|Any CPU
		{2523F06F-9F3B-4D72-88D3-884E09886121}.Ad-Hoc|iPhone.Deploy.0 = Release|Any CPU
		{2523F06F-9F3B-4D72-88D3-884E09886121}.Ad-Hoc|iPhoneSimulator.ActiveCfg = Release|Any CPU
		{2523F06F-9F3B-4D72-88D3-884E09886121}.Ad-Hoc|iPhoneSimulator.Build.0 = Release|Any CPU
		{2523F06F-9F3B-4D72-88D3-884E09886121}.Ad-Hoc|iPhoneSimulator.Deploy.0 = Release|Any CPU
		{2523F06F-9F3B-4D72-88D3-884E09886121}.Ad-Hoc|x64.ActiveCfg = Release|Any CPU
		{2523F06F-9F3B-4D72-88D3-884E09886121}.Ad-Hoc|x64.Build.0 = Release|Any CPU
		{2523F06F-9F3B-4D72-88D3-884E09886121}.Ad-Hoc|x64.Deploy.0 = Release|Any CPU
		{2523F06F-9F3B-4D72-88D3-884E09886121}.Ad-Hoc|x86.ActiveCfg = Release|Any CPU
		{2523F06F-9F3B-4D72-88D3-884E09886121}.Ad-Hoc|x86.Build.0 = Release|Any CPU
		{2523F06F-9F3B-4D72-88D3-884E09886121}.Ad-Hoc|x86.Deploy.0 = Release|Any CPU
		{2523F06F-9F3B-4D72-88D3-884E09886121}.AppStore|Any CPU.ActiveCfg = Release|Any CPU
		{2523F06F-9F3B-4D72-88D3-884E09886121}.AppStore|Any CPU.Build.0 = Release|Any CPU
		{2523F06F-9F3B-4D72-88D3-884E09886121}.AppStore|Any CPU.Deploy.0 = Release|Any CPU
		{2523F06F-9F3B-4D72-88D3-884E09886121}.AppStore|ARM.ActiveCfg = Release|Any CPU
		{2523F06F-9F3B-4D72-88D3-884E09886121}.AppStore|ARM.Build.0 = Release|Any CPU
		{2523F06F-9F3B-4D72-88D3-884E09886121}.AppStore|ARM.Deploy.0 = Release|Any CPU
		{2523F06F-9F3B-4D72-88D3-884E09886121}.AppStore|iPhone.ActiveCfg = Release|Any CPU
		{2523F06F-9F3B-4D72-88D3-884E09886121}.AppStore|iPhone.Build.0 = Release|Any CPU
		{2523F06F-9F3B-4D72-88D3-884E09886121}.AppStore|iPhone.Deploy.0 = Release|Any CPU
		{2523F06F-9F3B-4D72-88D3-884E09886121}.AppStore|iPhoneSimulator.ActiveCfg = Release|Any CPU
		{2523F06F-9F3B-4D72-88D3-884E09886121}.AppStore|iPhoneSimulator.Build.0 = Release|Any CPU
		{2523F06F-9F3B-4D72-88D3-884E09886121}.AppStore|iPhoneSimulator.Deploy.0 = Release|Any CPU
		{2523F06F-9F3B-4D72-88D3-884E09886121}.AppStore|x64.ActiveCfg = Release|Any CPU
		{2523F06F-9F3B-4D72-88D3-884E09886121}.AppStore|x64.Build.0 = Release|Any CPU
		{2523F06F-9F3B-4D72-88D3-884E09886121}.AppStore|x64.Deploy.0 = Release|Any CPU
		{2523F06F-9F3B-4D72-88D3-884E09886121}.AppStore|x86.ActiveCfg = Release|Any CPU
		{2523F06F-9F3B-4D72-88D3-884E09886121}.AppStore|x86.Build.0 = Release|Any CPU
		{2523F06F-9F3B-4D72-88D3-884E09886121}.AppStore|x86.Deploy.0 = Release|Any CPU
		{2523F06F-9F3B-4D72-88D3-884E09886121}.Debug|Any CPU.ActiveCfg = Debug|Any CPU
		{2523F06F-9F3B-4D72-88D3-884E09886121}.Debug|Any CPU.Build.0 = Debug|Any CPU
		{2523F06F-9F3B-4D72-88D3-884E09886121}.Debug|Any CPU.Deploy.0 = Debug|Any CPU
		{2523F06F-9F3B-4D72-88D3-884E09886121}.Debug|ARM.ActiveCfg = Debug|Any CPU
		{2523F06F-9F3B-4D72-88D3-884E09886121}.Debug|ARM.Build.0 = Debug|Any CPU
		{2523F06F-9F3B-4D72-88D3-884E09886121}.Debug|ARM.Deploy.0 = Debug|Any CPU
		{2523F06F-9F3B-4D72-88D3-884E09886121}.Debug|iPhone.ActiveCfg = Debug|Any CPU
		{2523F06F-9F3B-4D72-88D3-884E09886121}.Debug|iPhone.Build.0 = Debug|Any CPU
		{2523F06F-9F3B-4D72-88D3-884E09886121}.Debug|iPhone.Deploy.0 = Debug|Any CPU
		{2523F06F-9F3B-4D72-88D3-884E09886121}.Debug|iPhoneSimulator.ActiveCfg = Debug|Any CPU
		{2523F06F-9F3B-4D72-88D3-884E09886121}.Debug|iPhoneSimulator.Build.0 = Debug|Any CPU
		{2523F06F-9F3B-4D72-88D3-884E09886121}.Debug|iPhoneSimulator.Deploy.0 = Debug|Any CPU
		{2523F06F-9F3B-4D72-88D3-884E09886121}.Debug|x64.ActiveCfg = Debug|Any CPU
		{2523F06F-9F3B-4D72-88D3-884E09886121}.Debug|x64.Build.0 = Debug|Any CPU
		{2523F06F-9F3B-4D72-88D3-884E09886121}.Debug|x64.Deploy.0 = Debug|Any CPU
		{2523F06F-9F3B-4D72-88D3-884E09886121}.Debug|x86.ActiveCfg = Debug|Any CPU
		{2523F06F-9F3B-4D72-88D3-884E09886121}.Debug|x86.Build.0 = Debug|Any CPU
		{2523F06F-9F3B-4D72-88D3-884E09886121}.Debug|x86.Deploy.0 = Debug|Any CPU
		{2523F06F-9F3B-4D72-88D3-884E09886121}.Release|Any CPU.ActiveCfg = Release|Any CPU
		{2523F06F-9F3B-4D72-88D3-884E09886121}.Release|Any CPU.Build.0 = Release|Any CPU
		{2523F06F-9F3B-4D72-88D3-884E09886121}.Release|Any CPU.Deploy.0 = Release|Any CPU
		{2523F06F-9F3B-4D72-88D3-884E09886121}.Release|ARM.ActiveCfg = Release|Any CPU
		{2523F06F-9F3B-4D72-88D3-884E09886121}.Release|ARM.Build.0 = Release|Any CPU
		{2523F06F-9F3B-4D72-88D3-884E09886121}.Release|ARM.Deploy.0 = Release|Any CPU
		{2523F06F-9F3B-4D72-88D3-884E09886121}.Release|iPhone.ActiveCfg = Release|Any CPU
		{2523F06F-9F3B-4D72-88D3-884E09886121}.Release|iPhone.Build.0 = Release|Any CPU
		{2523F06F-9F3B-4D72-88D3-884E09886121}.Release|iPhone.Deploy.0 = Release|Any CPU
		{2523F06F-9F3B-4D72-88D3-884E09886121}.Release|iPhoneSimulator.ActiveCfg = Release|Any CPU
		{2523F06F-9F3B-4D72-88D3-884E09886121}.Release|iPhoneSimulator.Build.0 = Release|Any CPU
		{2523F06F-9F3B-4D72-88D3-884E09886121}.Release|iPhoneSimulator.Deploy.0 = Release|Any CPU
		{2523F06F-9F3B-4D72-88D3-884E09886121}.Release|x64.ActiveCfg = Release|Any CPU
		{2523F06F-9F3B-4D72-88D3-884E09886121}.Release|x64.Build.0 = Release|Any CPU
		{2523F06F-9F3B-4D72-88D3-884E09886121}.Release|x64.Deploy.0 = Release|Any CPU
		{2523F06F-9F3B-4D72-88D3-884E09886121}.Release|x86.ActiveCfg = Release|Any CPU
		{2523F06F-9F3B-4D72-88D3-884E09886121}.Release|x86.Build.0 = Release|Any CPU
		{2523F06F-9F3B-4D72-88D3-884E09886121}.Release|x86.Deploy.0 = Release|Any CPU
		{53634B2A-09A2-4AAA-9D74-E227DF5FF693}.Ad-Hoc|Any CPU.ActiveCfg = Ad-Hoc|iPhone
		{53634B2A-09A2-4AAA-9D74-E227DF5FF693}.Ad-Hoc|ARM.ActiveCfg = Ad-Hoc|iPhone
		{53634B2A-09A2-4AAA-9D74-E227DF5FF693}.Ad-Hoc|iPhone.ActiveCfg = Ad-Hoc|iPhone
		{53634B2A-09A2-4AAA-9D74-E227DF5FF693}.Ad-Hoc|iPhone.Build.0 = Ad-Hoc|iPhone
		{53634B2A-09A2-4AAA-9D74-E227DF5FF693}.Ad-Hoc|iPhoneSimulator.ActiveCfg = Ad-Hoc|iPhoneSimulator
		{53634B2A-09A2-4AAA-9D74-E227DF5FF693}.Ad-Hoc|iPhoneSimulator.Build.0 = Ad-Hoc|iPhoneSimulator
		{53634B2A-09A2-4AAA-9D74-E227DF5FF693}.Ad-Hoc|x64.ActiveCfg = Ad-Hoc|iPhone
		{53634B2A-09A2-4AAA-9D74-E227DF5FF693}.Ad-Hoc|x86.ActiveCfg = Ad-Hoc|iPhone
		{53634B2A-09A2-4AAA-9D74-E227DF5FF693}.AppStore|Any CPU.ActiveCfg = AppStore|iPhone
		{53634B2A-09A2-4AAA-9D74-E227DF5FF693}.AppStore|ARM.ActiveCfg = AppStore|iPhone
		{53634B2A-09A2-4AAA-9D74-E227DF5FF693}.AppStore|iPhone.ActiveCfg = AppStore|iPhone
		{53634B2A-09A2-4AAA-9D74-E227DF5FF693}.AppStore|iPhone.Build.0 = AppStore|iPhone
		{53634B2A-09A2-4AAA-9D74-E227DF5FF693}.AppStore|iPhoneSimulator.ActiveCfg = AppStore|iPhoneSimulator
		{53634B2A-09A2-4AAA-9D74-E227DF5FF693}.AppStore|iPhoneSimulator.Build.0 = AppStore|iPhoneSimulator
		{53634B2A-09A2-4AAA-9D74-E227DF5FF693}.AppStore|x64.ActiveCfg = AppStore|iPhone
		{53634B2A-09A2-4AAA-9D74-E227DF5FF693}.AppStore|x86.ActiveCfg = AppStore|iPhone
		{53634B2A-09A2-4AAA-9D74-E227DF5FF693}.Debug|Any CPU.ActiveCfg = Debug|iPhone
		{53634B2A-09A2-4AAA-9D74-E227DF5FF693}.Debug|Any CPU.Build.0 = Debug|iPhone
		{53634B2A-09A2-4AAA-9D74-E227DF5FF693}.Debug|ARM.ActiveCfg = Debug|iPhone
		{53634B2A-09A2-4AAA-9D74-E227DF5FF693}.Debug|iPhone.ActiveCfg = Debug|iPhone
		{53634B2A-09A2-4AAA-9D74-E227DF5FF693}.Debug|iPhone.Build.0 = Debug|iPhone
		{53634B2A-09A2-4AAA-9D74-E227DF5FF693}.Debug|iPhoneSimulator.ActiveCfg = Debug|iPhoneSimulator
		{53634B2A-09A2-4AAA-9D74-E227DF5FF693}.Debug|iPhoneSimulator.Build.0 = Debug|iPhoneSimulator
		{53634B2A-09A2-4AAA-9D74-E227DF5FF693}.Debug|x64.ActiveCfg = Debug|iPhone
		{53634B2A-09A2-4AAA-9D74-E227DF5FF693}.Debug|x86.ActiveCfg = Debug|iPhone
		{53634B2A-09A2-4AAA-9D74-E227DF5FF693}.Release|Any CPU.ActiveCfg = Release|iPhone
		{53634B2A-09A2-4AAA-9D74-E227DF5FF693}.Release|ARM.ActiveCfg = Release|iPhone
		{53634B2A-09A2-4AAA-9D74-E227DF5FF693}.Release|iPhone.ActiveCfg = Release|iPhone
		{53634B2A-09A2-4AAA-9D74-E227DF5FF693}.Release|iPhone.Build.0 = Release|iPhone
		{53634B2A-09A2-4AAA-9D74-E227DF5FF693}.Release|iPhoneSimulator.ActiveCfg = Release|iPhoneSimulator
		{53634B2A-09A2-4AAA-9D74-E227DF5FF693}.Release|iPhoneSimulator.Build.0 = Release|iPhoneSimulator
		{53634B2A-09A2-4AAA-9D74-E227DF5FF693}.Release|x64.ActiveCfg = Release|iPhone
		{53634B2A-09A2-4AAA-9D74-E227DF5FF693}.Release|x86.ActiveCfg = Release|iPhone
		{B703A86F-BCB9-41AC-ACD7-2B76BF9AA9F0}.Ad-Hoc|Any CPU.ActiveCfg = Release|Any CPU
		{B703A86F-BCB9-41AC-ACD7-2B76BF9AA9F0}.Ad-Hoc|Any CPU.Build.0 = Release|Any CPU
		{B703A86F-BCB9-41AC-ACD7-2B76BF9AA9F0}.Ad-Hoc|ARM.ActiveCfg = Release|Any CPU
		{B703A86F-BCB9-41AC-ACD7-2B76BF9AA9F0}.Ad-Hoc|ARM.Build.0 = Release|Any CPU
		{B703A86F-BCB9-41AC-ACD7-2B76BF9AA9F0}.Ad-Hoc|iPhone.ActiveCfg = Release|Any CPU
		{B703A86F-BCB9-41AC-ACD7-2B76BF9AA9F0}.Ad-Hoc|iPhone.Build.0 = Release|Any CPU
		{B703A86F-BCB9-41AC-ACD7-2B76BF9AA9F0}.Ad-Hoc|iPhoneSimulator.ActiveCfg = Release|Any CPU
		{B703A86F-BCB9-41AC-ACD7-2B76BF9AA9F0}.Ad-Hoc|iPhoneSimulator.Build.0 = Release|Any CPU
		{B703A86F-BCB9-41AC-ACD7-2B76BF9AA9F0}.Ad-Hoc|x64.ActiveCfg = Release|Any CPU
		{B703A86F-BCB9-41AC-ACD7-2B76BF9AA9F0}.Ad-Hoc|x64.Build.0 = Release|Any CPU
		{B703A86F-BCB9-41AC-ACD7-2B76BF9AA9F0}.Ad-Hoc|x86.ActiveCfg = Release|Any CPU
		{B703A86F-BCB9-41AC-ACD7-2B76BF9AA9F0}.Ad-Hoc|x86.Build.0 = Release|Any CPU
		{B703A86F-BCB9-41AC-ACD7-2B76BF9AA9F0}.AppStore|Any CPU.ActiveCfg = Release|Any CPU
		{B703A86F-BCB9-41AC-ACD7-2B76BF9AA9F0}.AppStore|Any CPU.Build.0 = Release|Any CPU
		{B703A86F-BCB9-41AC-ACD7-2B76BF9AA9F0}.AppStore|ARM.ActiveCfg = Release|Any CPU
		{B703A86F-BCB9-41AC-ACD7-2B76BF9AA9F0}.AppStore|ARM.Build.0 = Release|Any CPU
		{B703A86F-BCB9-41AC-ACD7-2B76BF9AA9F0}.AppStore|iPhone.ActiveCfg = Release|Any CPU
		{B703A86F-BCB9-41AC-ACD7-2B76BF9AA9F0}.AppStore|iPhone.Build.0 = Release|Any CPU
		{B703A86F-BCB9-41AC-ACD7-2B76BF9AA9F0}.AppStore|iPhoneSimulator.ActiveCfg = Release|Any CPU
		{B703A86F-BCB9-41AC-ACD7-2B76BF9AA9F0}.AppStore|iPhoneSimulator.Build.0 = Release|Any CPU
		{B703A86F-BCB9-41AC-ACD7-2B76BF9AA9F0}.AppStore|x64.ActiveCfg = Release|Any CPU
		{B703A86F-BCB9-41AC-ACD7-2B76BF9AA9F0}.AppStore|x64.Build.0 = Release|Any CPU
		{B703A86F-BCB9-41AC-ACD7-2B76BF9AA9F0}.AppStore|x86.ActiveCfg = Release|Any CPU
		{B703A86F-BCB9-41AC-ACD7-2B76BF9AA9F0}.AppStore|x86.Build.0 = Release|Any CPU
		{B703A86F-BCB9-41AC-ACD7-2B76BF9AA9F0}.Debug|Any CPU.ActiveCfg = Debug|Any CPU
		{B703A86F-BCB9-41AC-ACD7-2B76BF9AA9F0}.Debug|Any CPU.Build.0 = Debug|Any CPU
		{B703A86F-BCB9-41AC-ACD7-2B76BF9AA9F0}.Debug|ARM.ActiveCfg = Debug|Any CPU
		{B703A86F-BCB9-41AC-ACD7-2B76BF9AA9F0}.Debug|ARM.Build.0 = Debug|Any CPU
		{B703A86F-BCB9-41AC-ACD7-2B76BF9AA9F0}.Debug|iPhone.ActiveCfg = Debug|Any CPU
		{B703A86F-BCB9-41AC-ACD7-2B76BF9AA9F0}.Debug|iPhone.Build.0 = Debug|Any CPU
		{B703A86F-BCB9-41AC-ACD7-2B76BF9AA9F0}.Debug|iPhoneSimulator.ActiveCfg = Debug|Any CPU
		{B703A86F-BCB9-41AC-ACD7-2B76BF9AA9F0}.Debug|iPhoneSimulator.Build.0 = Debug|Any CPU
		{B703A86F-BCB9-41AC-ACD7-2B76BF9AA9F0}.Debug|x64.ActiveCfg = Debug|Any CPU
		{B703A86F-BCB9-41AC-ACD7-2B76BF9AA9F0}.Debug|x64.Build.0 = Debug|Any CPU
		{B703A86F-BCB9-41AC-ACD7-2B76BF9AA9F0}.Debug|x86.ActiveCfg = Debug|Any CPU
		{B703A86F-BCB9-41AC-ACD7-2B76BF9AA9F0}.Debug|x86.Build.0 = Debug|Any CPU
		{B703A86F-BCB9-41AC-ACD7-2B76BF9AA9F0}.Release|Any CPU.ActiveCfg = Release|Any CPU
		{B703A86F-BCB9-41AC-ACD7-2B76BF9AA9F0}.Release|Any CPU.Build.0 = Release|Any CPU
		{B703A86F-BCB9-41AC-ACD7-2B76BF9AA9F0}.Release|ARM.ActiveCfg = Release|Any CPU
		{B703A86F-BCB9-41AC-ACD7-2B76BF9AA9F0}.Release|ARM.Build.0 = Release|Any CPU
		{B703A86F-BCB9-41AC-ACD7-2B76BF9AA9F0}.Release|iPhone.ActiveCfg = Release|Any CPU
		{B703A86F-BCB9-41AC-ACD7-2B76BF9AA9F0}.Release|iPhone.Build.0 = Release|Any CPU
		{B703A86F-BCB9-41AC-ACD7-2B76BF9AA9F0}.Release|iPhoneSimulator.ActiveCfg = Release|Any CPU
		{B703A86F-BCB9-41AC-ACD7-2B76BF9AA9F0}.Release|iPhoneSimulator.Build.0 = Release|Any CPU
		{B703A86F-BCB9-41AC-ACD7-2B76BF9AA9F0}.Release|x64.ActiveCfg = Release|Any CPU
		{B703A86F-BCB9-41AC-ACD7-2B76BF9AA9F0}.Release|x64.Build.0 = Release|Any CPU
		{B703A86F-BCB9-41AC-ACD7-2B76BF9AA9F0}.Release|x86.ActiveCfg = Release|Any CPU
		{B703A86F-BCB9-41AC-ACD7-2B76BF9AA9F0}.Release|x86.Build.0 = Release|Any CPU
		{5D581C56-7DCC-4100-95C9-7D5913FE15D6}.Ad-Hoc|Any CPU.ActiveCfg = Release|x86
		{5D581C56-7DCC-4100-95C9-7D5913FE15D6}.Ad-Hoc|Any CPU.Build.0 = Release|x86
		{5D581C56-7DCC-4100-95C9-7D5913FE15D6}.Ad-Hoc|Any CPU.Deploy.0 = Release|x86
		{5D581C56-7DCC-4100-95C9-7D5913FE15D6}.Ad-Hoc|ARM.ActiveCfg = Release|ARM
		{5D581C56-7DCC-4100-95C9-7D5913FE15D6}.Ad-Hoc|ARM.Build.0 = Release|ARM
		{5D581C56-7DCC-4100-95C9-7D5913FE15D6}.Ad-Hoc|ARM.Deploy.0 = Release|ARM
		{5D581C56-7DCC-4100-95C9-7D5913FE15D6}.Ad-Hoc|iPhone.ActiveCfg = Release|x86
		{5D581C56-7DCC-4100-95C9-7D5913FE15D6}.Ad-Hoc|iPhone.Build.0 = Release|x86
		{5D581C56-7DCC-4100-95C9-7D5913FE15D6}.Ad-Hoc|iPhone.Deploy.0 = Release|x86
		{5D581C56-7DCC-4100-95C9-7D5913FE15D6}.Ad-Hoc|iPhoneSimulator.ActiveCfg = Release|x86
		{5D581C56-7DCC-4100-95C9-7D5913FE15D6}.Ad-Hoc|iPhoneSimulator.Build.0 = Release|x86
		{5D581C56-7DCC-4100-95C9-7D5913FE15D6}.Ad-Hoc|iPhoneSimulator.Deploy.0 = Release|x86
		{5D581C56-7DCC-4100-95C9-7D5913FE15D6}.Ad-Hoc|x64.ActiveCfg = Release|x64
		{5D581C56-7DCC-4100-95C9-7D5913FE15D6}.Ad-Hoc|x64.Build.0 = Release|x64
		{5D581C56-7DCC-4100-95C9-7D5913FE15D6}.Ad-Hoc|x64.Deploy.0 = Release|x64
		{5D581C56-7DCC-4100-95C9-7D5913FE15D6}.Ad-Hoc|x86.ActiveCfg = Release|x86
		{5D581C56-7DCC-4100-95C9-7D5913FE15D6}.Ad-Hoc|x86.Build.0 = Release|x86
		{5D581C56-7DCC-4100-95C9-7D5913FE15D6}.Ad-Hoc|x86.Deploy.0 = Release|x86
		{5D581C56-7DCC-4100-95C9-7D5913FE15D6}.AppStore|Any CPU.ActiveCfg = Release|x86
		{5D581C56-7DCC-4100-95C9-7D5913FE15D6}.AppStore|Any CPU.Build.0 = Release|x86
		{5D581C56-7DCC-4100-95C9-7D5913FE15D6}.AppStore|Any CPU.Deploy.0 = Release|x86
		{5D581C56-7DCC-4100-95C9-7D5913FE15D6}.AppStore|ARM.ActiveCfg = Release|ARM
		{5D581C56-7DCC-4100-95C9-7D5913FE15D6}.AppStore|ARM.Build.0 = Release|ARM
		{5D581C56-7DCC-4100-95C9-7D5913FE15D6}.AppStore|ARM.Deploy.0 = Release|ARM
		{5D581C56-7DCC-4100-95C9-7D5913FE15D6}.AppStore|iPhone.ActiveCfg = Release|x86
		{5D581C56-7DCC-4100-95C9-7D5913FE15D6}.AppStore|iPhone.Build.0 = Release|x86
		{5D581C56-7DCC-4100-95C9-7D5913FE15D6}.AppStore|iPhone.Deploy.0 = Release|x86
		{5D581C56-7DCC-4100-95C9-7D5913FE15D6}.AppStore|iPhoneSimulator.ActiveCfg = Release|x86
		{5D581C56-7DCC-4100-95C9-7D5913FE15D6}.AppStore|iPhoneSimulator.Build.0 = Release|x86
		{5D581C56-7DCC-4100-95C9-7D5913FE15D6}.AppStore|iPhoneSimulator.Deploy.0 = Release|x86
		{5D581C56-7DCC-4100-95C9-7D5913FE15D6}.AppStore|x64.ActiveCfg = Release|x64
		{5D581C56-7DCC-4100-95C9-7D5913FE15D6}.AppStore|x64.Build.0 = Release|x64
		{5D581C56-7DCC-4100-95C9-7D5913FE15D6}.AppStore|x64.Deploy.0 = Release|x64
		{5D581C56-7DCC-4100-95C9-7D5913FE15D6}.AppStore|x86.ActiveCfg = Release|x86
		{5D581C56-7DCC-4100-95C9-7D5913FE15D6}.AppStore|x86.Build.0 = Release|x86
		{5D581C56-7DCC-4100-95C9-7D5913FE15D6}.AppStore|x86.Deploy.0 = Release|x86
		{5D581C56-7DCC-4100-95C9-7D5913FE15D6}.Debug|Any CPU.ActiveCfg = Debug|x86
		{5D581C56-7DCC-4100-95C9-7D5913FE15D6}.Debug|Any CPU.Build.0 = Debug|x86
		{5D581C56-7DCC-4100-95C9-7D5913FE15D6}.Debug|Any CPU.Deploy.0 = Debug|x86
		{5D581C56-7DCC-4100-95C9-7D5913FE15D6}.Debug|ARM.ActiveCfg = Debug|ARM
		{5D581C56-7DCC-4100-95C9-7D5913FE15D6}.Debug|ARM.Build.0 = Debug|ARM
		{5D581C56-7DCC-4100-95C9-7D5913FE15D6}.Debug|ARM.Deploy.0 = Debug|ARM
		{5D581C56-7DCC-4100-95C9-7D5913FE15D6}.Debug|iPhone.ActiveCfg = Debug|x86
		{5D581C56-7DCC-4100-95C9-7D5913FE15D6}.Debug|iPhoneSimulator.ActiveCfg = Debug|x86
		{5D581C56-7DCC-4100-95C9-7D5913FE15D6}.Debug|x64.ActiveCfg = Debug|x64
		{5D581C56-7DCC-4100-95C9-7D5913FE15D6}.Debug|x64.Build.0 = Debug|x64
		{5D581C56-7DCC-4100-95C9-7D5913FE15D6}.Debug|x64.Deploy.0 = Debug|x64
		{5D581C56-7DCC-4100-95C9-7D5913FE15D6}.Debug|x86.ActiveCfg = Debug|x86
		{5D581C56-7DCC-4100-95C9-7D5913FE15D6}.Debug|x86.Build.0 = Debug|x86
		{5D581C56-7DCC-4100-95C9-7D5913FE15D6}.Debug|x86.Deploy.0 = Debug|x86
		{5D581C56-7DCC-4100-95C9-7D5913FE15D6}.Release|Any CPU.ActiveCfg = Release|x86
		{5D581C56-7DCC-4100-95C9-7D5913FE15D6}.Release|ARM.ActiveCfg = Release|ARM
		{5D581C56-7DCC-4100-95C9-7D5913FE15D6}.Release|ARM.Build.0 = Release|ARM
		{5D581C56-7DCC-4100-95C9-7D5913FE15D6}.Release|ARM.Deploy.0 = Release|ARM
		{5D581C56-7DCC-4100-95C9-7D5913FE15D6}.Release|iPhone.ActiveCfg = Release|x86
		{5D581C56-7DCC-4100-95C9-7D5913FE15D6}.Release|iPhoneSimulator.ActiveCfg = Release|x86
		{5D581C56-7DCC-4100-95C9-7D5913FE15D6}.Release|x64.ActiveCfg = Release|x64
		{5D581C56-7DCC-4100-95C9-7D5913FE15D6}.Release|x64.Build.0 = Release|x64
		{5D581C56-7DCC-4100-95C9-7D5913FE15D6}.Release|x64.Deploy.0 = Release|x64
		{5D581C56-7DCC-4100-95C9-7D5913FE15D6}.Release|x86.ActiveCfg = Release|x86
		{5D581C56-7DCC-4100-95C9-7D5913FE15D6}.Release|x86.Build.0 = Release|x86
		{5D581C56-7DCC-4100-95C9-7D5913FE15D6}.Release|x86.Deploy.0 = Release|x86
		{9FCF25E9-3F23-4AF6-802F-86623BA41CBF}.Ad-Hoc|Any CPU.ActiveCfg = Release|Any CPU
		{9FCF25E9-3F23-4AF6-802F-86623BA41CBF}.Ad-Hoc|Any CPU.Build.0 = Release|Any CPU
		{9FCF25E9-3F23-4AF6-802F-86623BA41CBF}.Ad-Hoc|ARM.ActiveCfg = Release|Any CPU
		{9FCF25E9-3F23-4AF6-802F-86623BA41CBF}.Ad-Hoc|ARM.Build.0 = Release|Any CPU
		{9FCF25E9-3F23-4AF6-802F-86623BA41CBF}.Ad-Hoc|iPhone.ActiveCfg = Release|Any CPU
		{9FCF25E9-3F23-4AF6-802F-86623BA41CBF}.Ad-Hoc|iPhone.Build.0 = Release|Any CPU
		{9FCF25E9-3F23-4AF6-802F-86623BA41CBF}.Ad-Hoc|iPhoneSimulator.ActiveCfg = Release|Any CPU
		{9FCF25E9-3F23-4AF6-802F-86623BA41CBF}.Ad-Hoc|iPhoneSimulator.Build.0 = Release|Any CPU
		{9FCF25E9-3F23-4AF6-802F-86623BA41CBF}.Ad-Hoc|x64.ActiveCfg = Release|Any CPU
		{9FCF25E9-3F23-4AF6-802F-86623BA41CBF}.Ad-Hoc|x64.Build.0 = Release|Any CPU
		{9FCF25E9-3F23-4AF6-802F-86623BA41CBF}.Ad-Hoc|x86.ActiveCfg = Release|Any CPU
		{9FCF25E9-3F23-4AF6-802F-86623BA41CBF}.Ad-Hoc|x86.Build.0 = Release|Any CPU
		{9FCF25E9-3F23-4AF6-802F-86623BA41CBF}.AppStore|Any CPU.ActiveCfg = Release|Any CPU
		{9FCF25E9-3F23-4AF6-802F-86623BA41CBF}.AppStore|Any CPU.Build.0 = Release|Any CPU
		{9FCF25E9-3F23-4AF6-802F-86623BA41CBF}.AppStore|ARM.ActiveCfg = Release|Any CPU
		{9FCF25E9-3F23-4AF6-802F-86623BA41CBF}.AppStore|ARM.Build.0 = Release|Any CPU
		{9FCF25E9-3F23-4AF6-802F-86623BA41CBF}.AppStore|iPhone.ActiveCfg = Release|Any CPU
		{9FCF25E9-3F23-4AF6-802F-86623BA41CBF}.AppStore|iPhone.Build.0 = Release|Any CPU
		{9FCF25E9-3F23-4AF6-802F-86623BA41CBF}.AppStore|iPhoneSimulator.ActiveCfg = Release|Any CPU
		{9FCF25E9-3F23-4AF6-802F-86623BA41CBF}.AppStore|iPhoneSimulator.Build.0 = Release|Any CPU
		{9FCF25E9-3F23-4AF6-802F-86623BA41CBF}.AppStore|x64.ActiveCfg = Release|Any CPU
		{9FCF25E9-3F23-4AF6-802F-86623BA41CBF}.AppStore|x64.Build.0 = Release|Any CPU
		{9FCF25E9-3F23-4AF6-802F-86623BA41CBF}.AppStore|x86.ActiveCfg = Release|Any CPU
		{9FCF25E9-3F23-4AF6-802F-86623BA41CBF}.AppStore|x86.Build.0 = Release|Any CPU
		{9FCF25E9-3F23-4AF6-802F-86623BA41CBF}.Debug|Any CPU.ActiveCfg = Debug|Any CPU
		{9FCF25E9-3F23-4AF6-802F-86623BA41CBF}.Debug|Any CPU.Build.0 = Debug|Any CPU
		{9FCF25E9-3F23-4AF6-802F-86623BA41CBF}.Debug|ARM.ActiveCfg = Debug|Any CPU
		{9FCF25E9-3F23-4AF6-802F-86623BA41CBF}.Debug|ARM.Build.0 = Debug|Any CPU
		{9FCF25E9-3F23-4AF6-802F-86623BA41CBF}.Debug|iPhone.ActiveCfg = Debug|Any CPU
		{9FCF25E9-3F23-4AF6-802F-86623BA41CBF}.Debug|iPhone.Build.0 = Debug|Any CPU
		{9FCF25E9-3F23-4AF6-802F-86623BA41CBF}.Debug|iPhoneSimulator.ActiveCfg = Debug|Any CPU
		{9FCF25E9-3F23-4AF6-802F-86623BA41CBF}.Debug|iPhoneSimulator.Build.0 = Debug|Any CPU
		{9FCF25E9-3F23-4AF6-802F-86623BA41CBF}.Debug|x64.ActiveCfg = Debug|Any CPU
		{9FCF25E9-3F23-4AF6-802F-86623BA41CBF}.Debug|x64.Build.0 = Debug|Any CPU
		{9FCF25E9-3F23-4AF6-802F-86623BA41CBF}.Debug|x86.ActiveCfg = Debug|Any CPU
		{9FCF25E9-3F23-4AF6-802F-86623BA41CBF}.Debug|x86.Build.0 = Debug|Any CPU
		{9FCF25E9-3F23-4AF6-802F-86623BA41CBF}.Release|Any CPU.ActiveCfg = Release|Any CPU
		{9FCF25E9-3F23-4AF6-802F-86623BA41CBF}.Release|Any CPU.Build.0 = Release|Any CPU
		{9FCF25E9-3F23-4AF6-802F-86623BA41CBF}.Release|ARM.ActiveCfg = Release|Any CPU
		{9FCF25E9-3F23-4AF6-802F-86623BA41CBF}.Release|ARM.Build.0 = Release|Any CPU
		{9FCF25E9-3F23-4AF6-802F-86623BA41CBF}.Release|iPhone.ActiveCfg = Release|Any CPU
		{9FCF25E9-3F23-4AF6-802F-86623BA41CBF}.Release|iPhone.Build.0 = Release|Any CPU
		{9FCF25E9-3F23-4AF6-802F-86623BA41CBF}.Release|iPhoneSimulator.ActiveCfg = Release|Any CPU
		{9FCF25E9-3F23-4AF6-802F-86623BA41CBF}.Release|iPhoneSimulator.Build.0 = Release|Any CPU
		{9FCF25E9-3F23-4AF6-802F-86623BA41CBF}.Release|x64.ActiveCfg = Release|Any CPU
		{9FCF25E9-3F23-4AF6-802F-86623BA41CBF}.Release|x64.Build.0 = Release|Any CPU
		{9FCF25E9-3F23-4AF6-802F-86623BA41CBF}.Release|x86.ActiveCfg = Release|Any CPU
		{9FCF25E9-3F23-4AF6-802F-86623BA41CBF}.Release|x86.Build.0 = Release|Any CPU
		{D4BF0A4C-DB9F-4E64-94A6-1239E3667A2C}.Ad-Hoc|Any CPU.ActiveCfg = Release|Any CPU
		{D4BF0A4C-DB9F-4E64-94A6-1239E3667A2C}.Ad-Hoc|Any CPU.Build.0 = Release|Any CPU
		{D4BF0A4C-DB9F-4E64-94A6-1239E3667A2C}.Ad-Hoc|ARM.ActiveCfg = Release|Any CPU
		{D4BF0A4C-DB9F-4E64-94A6-1239E3667A2C}.Ad-Hoc|ARM.Build.0 = Release|Any CPU
		{D4BF0A4C-DB9F-4E64-94A6-1239E3667A2C}.Ad-Hoc|iPhone.ActiveCfg = Release|Any CPU
		{D4BF0A4C-DB9F-4E64-94A6-1239E3667A2C}.Ad-Hoc|iPhone.Build.0 = Release|Any CPU
		{D4BF0A4C-DB9F-4E64-94A6-1239E3667A2C}.Ad-Hoc|iPhoneSimulator.ActiveCfg = Release|Any CPU
		{D4BF0A4C-DB9F-4E64-94A6-1239E3667A2C}.Ad-Hoc|iPhoneSimulator.Build.0 = Release|Any CPU
		{D4BF0A4C-DB9F-4E64-94A6-1239E3667A2C}.Ad-Hoc|x64.ActiveCfg = Release|Any CPU
		{D4BF0A4C-DB9F-4E64-94A6-1239E3667A2C}.Ad-Hoc|x64.Build.0 = Release|Any CPU
		{D4BF0A4C-DB9F-4E64-94A6-1239E3667A2C}.Ad-Hoc|x86.ActiveCfg = Release|Any CPU
		{D4BF0A4C-DB9F-4E64-94A6-1239E3667A2C}.Ad-Hoc|x86.Build.0 = Release|Any CPU
		{D4BF0A4C-DB9F-4E64-94A6-1239E3667A2C}.AppStore|Any CPU.ActiveCfg = Release|Any CPU
		{D4BF0A4C-DB9F-4E64-94A6-1239E3667A2C}.AppStore|Any CPU.Build.0 = Release|Any CPU
		{D4BF0A4C-DB9F-4E64-94A6-1239E3667A2C}.AppStore|ARM.ActiveCfg = Release|Any CPU
		{D4BF0A4C-DB9F-4E64-94A6-1239E3667A2C}.AppStore|ARM.Build.0 = Release|Any CPU
		{D4BF0A4C-DB9F-4E64-94A6-1239E3667A2C}.AppStore|iPhone.ActiveCfg = Release|Any CPU
		{D4BF0A4C-DB9F-4E64-94A6-1239E3667A2C}.AppStore|iPhone.Build.0 = Release|Any CPU
		{D4BF0A4C-DB9F-4E64-94A6-1239E3667A2C}.AppStore|iPhoneSimulator.ActiveCfg = Release|Any CPU
		{D4BF0A4C-DB9F-4E64-94A6-1239E3667A2C}.AppStore|iPhoneSimulator.Build.0 = Release|Any CPU
		{D4BF0A4C-DB9F-4E64-94A6-1239E3667A2C}.AppStore|x64.ActiveCfg = Release|Any CPU
		{D4BF0A4C-DB9F-4E64-94A6-1239E3667A2C}.AppStore|x64.Build.0 = Release|Any CPU
		{D4BF0A4C-DB9F-4E64-94A6-1239E3667A2C}.AppStore|x86.ActiveCfg = Release|Any CPU
		{D4BF0A4C-DB9F-4E64-94A6-1239E3667A2C}.AppStore|x86.Build.0 = Release|Any CPU
		{D4BF0A4C-DB9F-4E64-94A6-1239E3667A2C}.Debug|Any CPU.ActiveCfg = Debug|Any CPU
		{D4BF0A4C-DB9F-4E64-94A6-1239E3667A2C}.Debug|Any CPU.Build.0 = Debug|Any CPU
		{D4BF0A4C-DB9F-4E64-94A6-1239E3667A2C}.Debug|ARM.ActiveCfg = Debug|Any CPU
		{D4BF0A4C-DB9F-4E64-94A6-1239E3667A2C}.Debug|ARM.Build.0 = Debug|Any CPU
		{D4BF0A4C-DB9F-4E64-94A6-1239E3667A2C}.Debug|iPhone.ActiveCfg = Debug|Any CPU
		{D4BF0A4C-DB9F-4E64-94A6-1239E3667A2C}.Debug|iPhone.Build.0 = Debug|Any CPU
		{D4BF0A4C-DB9F-4E64-94A6-1239E3667A2C}.Debug|iPhoneSimulator.ActiveCfg = Debug|Any CPU
		{D4BF0A4C-DB9F-4E64-94A6-1239E3667A2C}.Debug|iPhoneSimulator.Build.0 = Debug|Any CPU
		{D4BF0A4C-DB9F-4E64-94A6-1239E3667A2C}.Debug|x64.ActiveCfg = Debug|Any CPU
		{D4BF0A4C-DB9F-4E64-94A6-1239E3667A2C}.Debug|x64.Build.0 = Debug|Any CPU
		{D4BF0A4C-DB9F-4E64-94A6-1239E3667A2C}.Debug|x86.ActiveCfg = Debug|Any CPU
		{D4BF0A4C-DB9F-4E64-94A6-1239E3667A2C}.Debug|x86.Build.0 = Debug|Any CPU
		{D4BF0A4C-DB9F-4E64-94A6-1239E3667A2C}.Release|Any CPU.ActiveCfg = Release|Any CPU
		{D4BF0A4C-DB9F-4E64-94A6-1239E3667A2C}.Release|Any CPU.Build.0 = Release|Any CPU
		{D4BF0A4C-DB9F-4E64-94A6-1239E3667A2C}.Release|ARM.ActiveCfg = Release|Any CPU
		{D4BF0A4C-DB9F-4E64-94A6-1239E3667A2C}.Release|ARM.Build.0 = Release|Any CPU
		{D4BF0A4C-DB9F-4E64-94A6-1239E3667A2C}.Release|iPhone.ActiveCfg = Release|Any CPU
		{D4BF0A4C-DB9F-4E64-94A6-1239E3667A2C}.Release|iPhone.Build.0 = Release|Any CPU
		{D4BF0A4C-DB9F-4E64-94A6-1239E3667A2C}.Release|iPhoneSimulator.ActiveCfg = Release|Any CPU
		{D4BF0A4C-DB9F-4E64-94A6-1239E3667A2C}.Release|iPhoneSimulator.Build.0 = Release|Any CPU
		{D4BF0A4C-DB9F-4E64-94A6-1239E3667A2C}.Release|x64.ActiveCfg = Release|Any CPU
		{D4BF0A4C-DB9F-4E64-94A6-1239E3667A2C}.Release|x64.Build.0 = Release|Any CPU
		{D4BF0A4C-DB9F-4E64-94A6-1239E3667A2C}.Release|x86.ActiveCfg = Release|Any CPU
		{D4BF0A4C-DB9F-4E64-94A6-1239E3667A2C}.Release|x86.Build.0 = Release|Any CPU
		{B43D7515-C12E-4EBF-AF19-FED195E8C8BA}.Ad-Hoc|Any CPU.ActiveCfg = Release|Any CPU
		{B43D7515-C12E-4EBF-AF19-FED195E8C8BA}.Ad-Hoc|Any CPU.Build.0 = Release|Any CPU
		{B43D7515-C12E-4EBF-AF19-FED195E8C8BA}.Ad-Hoc|ARM.ActiveCfg = Release|Any CPU
		{B43D7515-C12E-4EBF-AF19-FED195E8C8BA}.Ad-Hoc|ARM.Build.0 = Release|Any CPU
		{B43D7515-C12E-4EBF-AF19-FED195E8C8BA}.Ad-Hoc|iPhone.ActiveCfg = Release|Any CPU
		{B43D7515-C12E-4EBF-AF19-FED195E8C8BA}.Ad-Hoc|iPhone.Build.0 = Release|Any CPU
		{B43D7515-C12E-4EBF-AF19-FED195E8C8BA}.Ad-Hoc|iPhoneSimulator.ActiveCfg = Release|Any CPU
		{B43D7515-C12E-4EBF-AF19-FED195E8C8BA}.Ad-Hoc|iPhoneSimulator.Build.0 = Release|Any CPU
		{B43D7515-C12E-4EBF-AF19-FED195E8C8BA}.Ad-Hoc|x64.ActiveCfg = Release|Any CPU
		{B43D7515-C12E-4EBF-AF19-FED195E8C8BA}.Ad-Hoc|x64.Build.0 = Release|Any CPU
		{B43D7515-C12E-4EBF-AF19-FED195E8C8BA}.Ad-Hoc|x86.ActiveCfg = Release|Any CPU
		{B43D7515-C12E-4EBF-AF19-FED195E8C8BA}.Ad-Hoc|x86.Build.0 = Release|Any CPU
		{B43D7515-C12E-4EBF-AF19-FED195E8C8BA}.AppStore|Any CPU.ActiveCfg = Release|Any CPU
		{B43D7515-C12E-4EBF-AF19-FED195E8C8BA}.AppStore|Any CPU.Build.0 = Release|Any CPU
		{B43D7515-C12E-4EBF-AF19-FED195E8C8BA}.AppStore|ARM.ActiveCfg = Release|Any CPU
		{B43D7515-C12E-4EBF-AF19-FED195E8C8BA}.AppStore|ARM.Build.0 = Release|Any CPU
		{B43D7515-C12E-4EBF-AF19-FED195E8C8BA}.AppStore|iPhone.ActiveCfg = Release|Any CPU
		{B43D7515-C12E-4EBF-AF19-FED195E8C8BA}.AppStore|iPhone.Build.0 = Release|Any CPU
		{B43D7515-C12E-4EBF-AF19-FED195E8C8BA}.AppStore|iPhoneSimulator.ActiveCfg = Release|Any CPU
		{B43D7515-C12E-4EBF-AF19-FED195E8C8BA}.AppStore|iPhoneSimulator.Build.0 = Release|Any CPU
		{B43D7515-C12E-4EBF-AF19-FED195E8C8BA}.AppStore|x64.ActiveCfg = Release|Any CPU
		{B43D7515-C12E-4EBF-AF19-FED195E8C8BA}.AppStore|x64.Build.0 = Release|Any CPU
		{B43D7515-C12E-4EBF-AF19-FED195E8C8BA}.AppStore|x86.ActiveCfg = Release|Any CPU
		{B43D7515-C12E-4EBF-AF19-FED195E8C8BA}.AppStore|x86.Build.0 = Release|Any CPU
		{B43D7515-C12E-4EBF-AF19-FED195E8C8BA}.Debug|Any CPU.ActiveCfg = Debug|Any CPU
		{B43D7515-C12E-4EBF-AF19-FED195E8C8BA}.Debug|Any CPU.Build.0 = Debug|Any CPU
		{B43D7515-C12E-4EBF-AF19-FED195E8C8BA}.Debug|ARM.ActiveCfg = Debug|Any CPU
		{B43D7515-C12E-4EBF-AF19-FED195E8C8BA}.Debug|ARM.Build.0 = Debug|Any CPU
		{B43D7515-C12E-4EBF-AF19-FED195E8C8BA}.Debug|iPhone.ActiveCfg = Debug|Any CPU
		{B43D7515-C12E-4EBF-AF19-FED195E8C8BA}.Debug|iPhone.Build.0 = Debug|Any CPU
		{B43D7515-C12E-4EBF-AF19-FED195E8C8BA}.Debug|iPhoneSimulator.ActiveCfg = Debug|Any CPU
		{B43D7515-C12E-4EBF-AF19-FED195E8C8BA}.Debug|iPhoneSimulator.Build.0 = Debug|Any CPU
		{B43D7515-C12E-4EBF-AF19-FED195E8C8BA}.Debug|x64.ActiveCfg = Debug|Any CPU
		{B43D7515-C12E-4EBF-AF19-FED195E8C8BA}.Debug|x64.Build.0 = Debug|Any CPU
		{B43D7515-C12E-4EBF-AF19-FED195E8C8BA}.Debug|x86.ActiveCfg = Debug|Any CPU
		{B43D7515-C12E-4EBF-AF19-FED195E8C8BA}.Debug|x86.Build.0 = Debug|Any CPU
		{B43D7515-C12E-4EBF-AF19-FED195E8C8BA}.Release|Any CPU.ActiveCfg = Release|Any CPU
		{B43D7515-C12E-4EBF-AF19-FED195E8C8BA}.Release|Any CPU.Build.0 = Release|Any CPU
		{B43D7515-C12E-4EBF-AF19-FED195E8C8BA}.Release|ARM.ActiveCfg = Release|Any CPU
		{B43D7515-C12E-4EBF-AF19-FED195E8C8BA}.Release|ARM.Build.0 = Release|Any CPU
		{B43D7515-C12E-4EBF-AF19-FED195E8C8BA}.Release|iPhone.ActiveCfg = Release|Any CPU
		{B43D7515-C12E-4EBF-AF19-FED195E8C8BA}.Release|iPhone.Build.0 = Release|Any CPU
		{B43D7515-C12E-4EBF-AF19-FED195E8C8BA}.Release|iPhoneSimulator.ActiveCfg = Release|Any CPU
		{B43D7515-C12E-4EBF-AF19-FED195E8C8BA}.Release|iPhoneSimulator.Build.0 = Release|Any CPU
		{B43D7515-C12E-4EBF-AF19-FED195E8C8BA}.Release|x64.ActiveCfg = Release|Any CPU
		{B43D7515-C12E-4EBF-AF19-FED195E8C8BA}.Release|x64.Build.0 = Release|Any CPU
		{B43D7515-C12E-4EBF-AF19-FED195E8C8BA}.Release|x86.ActiveCfg = Release|Any CPU
		{B43D7515-C12E-4EBF-AF19-FED195E8C8BA}.Release|x86.Build.0 = Release|Any CPU
	EndGlobalSection
	GlobalSection(SolutionProperties) = preSolution
		HideSolutionNode = FALSE
	EndGlobalSection
EndGlobal
